
Microsoft Visual Studio Solution File, Format Version 12.00
# Visual Studio 15
VisualStudioVersion = 15.0.28307.572
MinimumVisualStudioVersion = 10.0.40219.1
Project("{FAE04EC0-301F-11D3-BF4B-00C04F79EFBC}") = "Gitmvcexample", "Gitmvcexample\Gitmvcexample.csproj", "{F57DE92F-1AF8-4C99-86A9-C9C84EF3A56E}"
EndProject
Global
	GlobalSection(SolutionConfigurationPlatforms) = preSolution
		Debug|Any CPU = Debug|Any CPU
		Release|Any CPU = Release|Any CPU
	EndGlobalSection
	GlobalSection(ProjectConfigurationPlatforms) = postSolution
		{F57DE92F-1AF8-4C99-86A9-C9C84EF3A56E}.Debug|Any CPU.ActiveCfg = Debug|Any CPU
		{F57DE92F-1AF8-4C99-86A9-C9C84EF3A56E}.Debug|Any CPU.Build.0 = Debug|Any CPU
		{F57DE92F-1AF8-4C99-86A9-C9C84EF3A56E}.Release|Any CPU.ActiveCfg = Release|Any CPU
		{F57DE92F-1AF8-4C99-86A9-C9C84EF3A56E}.Release|Any CPU.Build.0 = Release|Any CPU
	EndGlobalSection
	GlobalSection(SolutionProperties) = preSolution
		HideSolutionNode = FALSE
	EndGlobalSection
	GlobalSection(ExtensibilityGlobals) = postSolution
		SolutionGuid = {16D269AE-EB04-4D49-A7E3-41579F063F43}
	EndGlobalSection
EndGlobal
